
Microsoft Visual Studio Solution File, Format Version 12.00
# Visual Studio Version 16
VisualStudioVersion = 16.0.29215.179
MinimumVisualStudioVersion = 10.0.40219.1
Project("{F184B08F-C81C-45F6-A57F-5ABD9991F28F}") = "SecurityExercise", "SecurityExercise\SecurityExercise.vbproj", "{C8C1BBB0-D83D-4384-89B6-960F6C96A4E4}"
EndProject
Global
	GlobalSection(SolutionConfigurationPlatforms) = preSolution
		Debug|Any CPU = Debug|Any CPU
		Release|Any CPU = Release|Any CPU
	EndGlobalSection
	GlobalSection(ProjectConfigurationPlatforms) = postSolution
		{C8C1BBB0-D83D-4384-89B6-960F6C96A4E4}.Debug|Any CPU.ActiveCfg = Debug|Any CPU
		{C8C1BBB0-D83D-4384-89B6-960F6C96A4E4}.Debug|Any CPU.Build.0 = Debug|Any CPU
		{C8C1BBB0-D83D-4384-89B6-960F6C96A4E4}.Release|Any CPU.ActiveCfg = Release|Any CPU
		{C8C1BBB0-D83D-4384-89B6-960F6C96A4E4}.Release|Any CPU.Build.0 = Release|Any CPU
	EndGlobalSection
	GlobalSection(SolutionProperties) = preSolution
		HideSolutionNode = FALSE
	EndGlobalSection
	GlobalSection(ExtensibilityGlobals) = postSolution
		SolutionGuid = {5131146B-E218-4ADA-BCD3-EE729302D439}
	EndGlobalSection
EndGlobal
